
Microsoft Visual Studio Solution File, Format Version 12.00
# Visual Studio 15
VisualStudioVersion = 15.0.28307.779
MinimumVisualStudioVersion = 10.0.40219.1
Project("{9A19103F-16F7-4668-BE54-9A1E7A4F7556}") = "myFirstRazorPage", "myFirstRazorPage\myFirstRazorPage.csproj", "{DDDE759E-DE5B-40FA-849C-F6B13F8BC941}"
EndProject
Global
	GlobalSection(SolutionConfigurationPlatforms) = preSolution
		Debug|Any CPU = Debug|Any CPU
		Release|Any CPU = Release|Any CPU
	EndGlobalSection
	GlobalSection(ProjectConfigurationPlatforms) = postSolution
		{DDDE759E-DE5B-40FA-849C-F6B13F8BC941}.Debug|Any CPU.ActiveCfg = Debug|Any CPU
		{DDDE759E-DE5B-40FA-849C-F6B13F8BC941}.Debug|Any CPU.Build.0 = Debug|Any CPU
		{DDDE759E-DE5B-40FA-849C-F6B13F8BC941}.Release|Any CPU.ActiveCfg = Release|Any CPU
		{DDDE759E-DE5B-40FA-849C-F6B13F8BC941}.Release|Any CPU.Build.0 = Release|Any CPU
	EndGlobalSection
	GlobalSection(SolutionProperties) = preSolution
		HideSolutionNode = FALSE
	EndGlobalSection
	GlobalSection(ExtensibilityGlobals) = postSolution
		SolutionGuid = {E3AB4542-6FE6-4548-9E8A-3AE54B317159}
	EndGlobalSection
EndGlobal
